{
  "name": "evmos",
  "version": "1.0.0",
  "lockfileVersion": 2,
  "requires": true,
  "packages": {
    "": {
      "name": "evmos",
      "version": "1.0.0",
      "license": "ISC",
      "dependencies": {
        "@openzeppelin/contracts": "^4.4.2"
      },
      "devDependencies": {}
    },
    "node_modules/@openzeppelin/contracts": {
      "version": "4.4.2",
      "resolved": "https://registry.npmjs.org/@openzeppelin/contracts/-/contracts-4.4.2.tgz",
      "integrity": "sha512-NyJV7sJgoGYqbtNUWgzzOGW4T6rR19FmX1IJgXGdapGPWsuMelGJn9h03nos0iqfforCbCB0iYIR0MtIuIFLLw=="
    }
  },
  "dependencies": {
    "@openzeppelin/contracts": {
      "version": "4.4.2",
      "resolved": "https://registry.npmjs.org/@openzeppelin/contracts/-/contracts-4.4.2.tgz",
      "integrity": "sha512-NyJV7sJgoGYqbtNUWgzzOGW4T6rR19FmX1IJgXGdapGPWsuMelGJn9h03nos0iqfforCbCB0iYIR0MtIuIFLLw=="
    }
  }
}
