{
  "name": "evmos",
  "version": "1.0.0",
  "lockfileVersion": 1,
  "requires": true,
  "dependencies": {
    "@openzeppelin/contracts": {
      "version": "4.9.2",
      "resolved": "https://registry.npmjs.org/@openzeppelin/contracts/-/contracts-4.9.2.tgz",
      "integrity": "sha512-mO+y6JaqXjWeMh9glYVzVu8HYPGknAAnWyxTRhGeckOruyXQMNnlcW6w/Dx9ftLeIQk6N+ZJFuVmTwF7lEIFrg=="
    }
  }
}
