{
  "name": "evmos",
  "version": "1.0.0",
  "lockfileVersion": 1,
  "requires": true,
  "dependencies": {
    "@openzeppelin/contracts": {
      "version": "4.7.1",
      "resolved": "https://registry.npmjs.org/@openzeppelin/contracts/-/contracts-4.7.1.tgz",
      "integrity": "sha512-UXmAjKARsXORHlHZu5GCD7ZbRKm6nU8UHnbuT/QJJa2JEOEcbvV/X8w/sUk62Sl9VZuuljM1akrZLyAtzUgsxw=="
    }
  }
}
