{
  "name": "evmos",
  "version": "1.0.0",
  "lockfileVersion": 1,
  "requires": true,
  "dependencies": {
    "@openzeppelin/contracts": {
      "version": "4.4.1",
      "resolved": "https://registry.npmjs.org/@openzeppelin/contracts/-/contracts-4.4.1.tgz",
      "integrity": "sha512-o+pHCf/yMLSlV5MkDQEzEQL402i6SoRnktru+0rdSxVEFZcTzzGhZCAtZjUFyKGazMSv1TilzMg+RbED1N8XHQ=="
    }
  }
}
